PODS:
  - Crashlytics (3.8.3):
    - Fabric (~> 1.6.3)
  - Fabric (1.6.11)
  - UMengAnalytics-NO-IDFA (4.2.5)

DEPENDENCIES:
  - Crashlytics
  - Fabric
  - UMengAnalytics-NO-IDFA

SPEC CHECKSUMS:
  Crashlytics: 2b6dbe138a42395577cfa73dfa1aa7248cadf39e
  Fabric: 5911403591946b8228ab1c51d98f1d7137e863c6
  UMengAnalytics-NO-IDFA: 16666e32edce5be44ae5b14aaaa7f3582e09d6ab

PODFILE CHECKSUM: ddb06b8c3d28065e2678a8d82c2bdeafaaee4b83

COCOAPODS: 1.0.1
