PODS:
  - Crashlytics (3.9.3):
    - Fabric (~> 1.7.2)
  - Fabric (1.7.2)
  - WCDB (1.0.5)

DEPENDENCIES:
  - Crashlytics
  - Fabric
  - WCDB

SPEC CHECKSUMS:
  Crashlytics: dbb07d01876c171c5ccbdf7826410380189e452c
  Fabric: 9cd6a848efcf1b8b07497e0b6a2e7d336353ba15
  WCDB: 535e8d9b6513dd8cc647d9fdde84695a1fde290c

PODFILE CHECKSUM: ff016c16fb55ec185516c5d3a7368a950cb7083d

COCOAPODS: 1.0.1
