// !$*UTF8*$!
{
	archiveVersion = 1;
	classes = {
	};
	objectVersion = 46;
	objects = {

/* Begin PBXBuildFile section */
		253BCED61E6D5C0E00C6F6BE /* AppDelegate.swift in Sources */ = {isa = PBXBuildFile; fileRef = 253BCED41E6D5C0E00C6F6BE /* AppDelegate.swift */; };
		253BCED71E6D5C0E00C6F6BE /* ViewController.swift in Sources */ = {isa = PBXBuildFile; fileRef = 253BCED51E6D5C0E00C6F6BE /* ViewController.swift */; };
		253BCED91E6D5CA400C6F6BE /* Recorder.swift in Sources */ = {isa = PBXBuildFile; fileRef = 253BCED81E6D5CA400C6F6BE /* Recorder.swift */; };
		25CCF6C51E6440EF00C8424A /* Main.storyboard in Resources */ = {isa = PBXBuildFile; fileRef = 25CCF6C31E6440EF00C8424A /* Main.storyboard */; };
		25CCF6C71E6440EF00C8424A /* Assets.xcassets in Resources */ = {isa = PBXBuildFile; fileRef = 25CCF6C61E6440EF00C8424A /* Assets.xcassets */; };
		25CCF6CA1E6440EF00C8424A /* LaunchScreen.storyboard in Resources */ = {isa = PBXBuildFile; fileRef = 25CCF6C81E6440EF00C8424A /* LaunchScreen.storyboard */; };
/* End PBXBuildFile section */

/* Begin PBXFileReference section */
		253BCED41E6D5C0E00C6F6BE /* AppDelegate.swift */ = {isa = PBXFileReference; fileEncoding = 4; lastKnownFileType = sourcecode.swift; path = AppDelegate.swift; sourceTree = "<group>"; };
		253BCED51E6D5C0E00C6F6BE /* ViewController.swift */ = {isa = PBXFileReference; fileEncoding = 4; lastKnownFileType = sourcecode.swift; path = ViewController.swift; sourceTree = "<group>"; };
		253BCED81E6D5CA400C6F6BE /* Recorder.swift */ = {isa = PBXFileReference; fileEncoding = 4; lastKnownFileType = sourcecode.swift; path = Recorder.swift; sourceTree = "<group>"; };
		254602DE1E6D9A9500D83A97 /* SmartisanRecorder.entitlements */ = {isa = PBXFileReference; lastKnownFileType = text.plist.entitlements; path = SmartisanRecorder.entitlements; sourceTree = "<group>"; };
		25CCF6BC1E6440EF00C8424A /* SmartisanRecorder.app */ = {isa = PBXFileReference; explicitFileType = wrapper.application; includeInIndex = 0; path = SmartisanRecorder.app; sourceTree = BUILT_PRODUCTS_DIR; };
		25CCF6C41E6440EF00C8424A /* Base */ = {isa = PBXFileReference; lastKnownFileType = file.storyboard; name = Base; path = Base.lproj/Main.storyboard; sourceTree = "<group>"; };
		25CCF6C61E6440EF00C8424A /* Assets.xcassets */ = {isa = PBXFileReference; lastKnownFileType = folder.assetcatalog; path = Assets.xcassets; sourceTree = "<group>"; };
		25CCF6C91E6440EF00C8424A /* Base */ = {isa = PBXFileReference; lastKnownFileType = file.storyboard; name = Base; path = Base.lproj/LaunchScreen.storyboard; sourceTree = "<group>"; };
		25CCF6CB1E6440EF00C8424A /* Info.plist */ = {isa = PBXFileReference; lastKnownFileType = text.plist.xml; path = Info.plist; sourceTree = "<group>"; };
/* End PBXFileReference section */

/* Begin PBXFrameworksBuildPhase section */
		25CCF6B91E6440EF00C8424A /* Frameworks */ = {
			isa = PBXFrameworksBuildPhase;
			buildActionMask = 2147483647;
			files = (
			);
			runOnlyForDeploymentPostprocessing = 0;
		};
/* End PBXFrameworksBuildPhase section */

/* Begin PBXGroup section */
		253BCECF1E6D5B4500C6F6BE /* AudioTools */ = {
			isa = PBXGroup;
			children = (
				253BCED81E6D5CA400C6F6BE /* Recorder.swift */,
			);
			path = AudioTools;
			sourceTree = "<group>";
		};
		253BCED01E6D5B4500C6F6BE /* Model */ = {
			isa = PBXGroup;
			children = (
			);
			path = Model;
			sourceTree = "<group>";
		};
		253BCED11E6D5B4500C6F6BE /* Others */ = {
			isa = PBXGroup;
			children = (
				253BCED41E6D5C0E00C6F6BE /* AppDelegate.swift */,
				253BCED51E6D5C0E00C6F6BE /* ViewController.swift */,
			);
			path = Others;
			sourceTree = "<group>";
		};
		253BCED21E6D5B4500C6F6BE /* View */ = {
			isa = PBXGroup;
			children = (
			);
			path = View;
			sourceTree = "<group>";
		};
		253BCED31E6D5B4500C6F6BE /* ViewController */ = {
			isa = PBXGroup;
			children = (
			);
			path = ViewController;
			sourceTree = "<group>";
		};
		254602DB1E6D9A9500D83A97 /* Frameworks */ = {
			isa = PBXGroup;
			children = (
			);
			name = Frameworks;
			sourceTree = "<group>";
		};
		25CCF6B31E6440EF00C8424A = {
			isa = PBXGroup;
			children = (
				25CCF6BE1E6440EF00C8424A /* SmartisanRecorder */,
				25CCF6BD1E6440EF00C8424A /* Products */,
				254602DB1E6D9A9500D83A97 /* Frameworks */,
			);
			sourceTree = "<group>";
		};
		25CCF6BD1E6440EF00C8424A /* Products */ = {
			isa = PBXGroup;
			children = (
				25CCF6BC1E6440EF00C8424A /* SmartisanRecorder.app */,
			);
			name = Products;
			sourceTree = "<group>";
		};
		25CCF6BE1E6440EF00C8424A /* SmartisanRecorder */ = {
			isa = PBXGroup;
			children = (
				254602DE1E6D9A9500D83A97 /* SmartisanRecorder.entitlements */,
				253BCECF1E6D5B4500C6F6BE /* AudioTools */,
				253BCED01E6D5B4500C6F6BE /* Model */,
				253BCED21E6D5B4500C6F6BE /* View */,
				253BCED31E6D5B4500C6F6BE /* ViewController */,
				253BCED11E6D5B4500C6F6BE /* Others */,
				25CCF6C31E6440EF00C8424A /* Main.storyboard */,
				25CCF6C61E6440EF00C8424A /* Assets.xcassets */,
				25CCF6C81E6440EF00C8424A /* LaunchScreen.storyboard */,
				25CCF6CB1E6440EF00C8424A /* Info.plist */,
			);
			path = SmartisanRecorder;
			sourceTree = "<group>";
		};
/* End PBXGroup section */

/* Begin PBXNativeTarget section */
		25CCF6BB1E6440EF00C8424A /* SmartisanRecorder */ = {
			isa = PBXNativeTarget;
			buildConfigurationList = 25CCF6CE1E6440EF00C8424A /* Build configuration list for PBXNativeTarget "SmartisanRecorder" */;
			buildPhases = (
				25CCF6B81E6440EF00C8424A /* Sources */,
				25CCF6B91E6440EF00C8424A /* Frameworks */,
				25CCF6BA1E6440EF00C8424A /* Resources */,
			);
			buildRules = (
			);
			dependencies = (
			);
			name = SmartisanRecorder;
			productName = SmartisanRecorder;
			productReference = 25CCF6BC1E6440EF00C8424A /* SmartisanRecorder.app */;
			productType = "com.apple.product-type.application";
		};
/* End PBXNativeTarget section */

/* Begin PBXProject section */
		25CCF6B41E6440EF00C8424A /* Project object */ = {
			isa = PBXProject;
			attributes = {
				LastSwiftUpdateCheck = 0820;
				LastUpgradeCheck = 0820;
				ORGANIZATIONNAME = sunShuShu;
				TargetAttributes = {
					25CCF6BB1E6440EF00C8424A = {
						CreatedOnToolsVersion = 8.2.1;
						LastSwiftMigration = 0820;
						ProvisioningStyle = Manual;
						SystemCapabilities = {
							com.apple.BackgroundModes = {
								enabled = 0;
							};
							com.apple.InterAppAudio = {
								enabled = 0;
							};
						};
					};
				};
			};
			buildConfigurationList = 25CCF6B71E6440EF00C8424A /* Build configuration list for PBXProject "SmartisanRecorder" */;
			compatibilityVersion = "Xcode 3.2";
			developmentRegion = English;
			hasScannedForEncodings = 0;
			knownRegions = (
				en,
				Base,
			);
			mainGroup = 25CCF6B31E6440EF00C8424A;
			productRefGroup = 25CCF6BD1E6440EF00C8424A /* Products */;
			projectDirPath = "";
			projectRoot = "";
			targets = (
				25CCF6BB1E6440EF00C8424A /* SmartisanRecorder */,
			);
		};
/* End PBXProject section */

/* Begin PBXResourcesBuildPhase section */
		25CCF6BA1E6440EF00C8424A /* Resources */ = {
			isa = PBXResourcesBuildPhase;
			buildActionMask = 2147483647;
			files = (
				25CCF6CA1E6440EF00C8424A /* LaunchScreen.storyboard in Resources */,
				25CCF6C71E6440EF00C8424A /* Assets.xcassets in Resources */,
				25CCF6C51E6440EF00C8424A /* Main.storyboard in Resources */,
			);
			runOnlyForDeploymentPostprocessing = 0;
		};
/* End PBXResourcesBuildPhase section */

/* Begin PBXSourcesBuildPhase section */
		25CCF6B81E6440EF00C8424A /* Sources */ = {
			isa = PBXSourcesBuildPhase;
			buildActionMask = 2147483647;
			files = (
				253BCED71E6D5C0E00C6F6BE /* ViewController.swift in Sources */,
				253BCED61E6D5C0E00C6F6BE /* AppDelegate.swift in Sources */,
				253BCED91E6D5CA400C6F6BE /* Recorder.swift in Sources */,
			);
			runOnlyForDeploymentPostprocessing = 0;
		};
/* End PBXSourcesBuildPhase section */

/* Begin PBXVariantGroup section */
		25CCF6C31E6440EF00C8424A /* Main.storyboard */ = {
			isa = PBXVariantGroup;
			children = (
				25CCF6C41E6440EF00C8424A /* Base */,
			);
			name = Main.storyboard;
			sourceTree = "<group>";
		};
		25CCF6C81E6440EF00C8424A /* LaunchScreen.storyboard */ = {
			isa = PBXVariantGroup;
			children = (
				25CCF6C91E6440EF00C8424A /* Base */,
			);
			name = LaunchScreen.storyboard;
			sourceTree = "<group>";
		};
/* End PBXVariantGroup section */

/* Begin XCBuildConfiguration section */
		25CCF6CC1E6440EF00C8424A /* Debug */ = {
			isa = XCBuildConfiguration;
			buildSettings = {
				ALWAYS_SEARCH_USER_PATHS = NO;
				CLANG_ANALYZER_NONNULL = YES;
				CLANG_CXX_LANGUAGE_STANDARD = "gnu++0x";
				CLANG_CXX_LIBRARY = "libc++";
				CLANG_ENABLE_MODULES = YES;
				CLANG_ENABLE_OBJC_ARC = YES;
				CLANG_WARN_BOOL_CONVERSION = YES;
				CLANG_WARN_CONSTANT_CONVERSION = YES;
				CLANG_WARN_DIRECT_OBJC_ISA_USAGE = YES_ERROR;
				CLANG_WARN_DOCUMENTATION_COMMENTS = YES;
				CLANG_WARN_EMPTY_BODY = YES;
				CLANG_WARN_ENUM_CONVERSION = YES;
				CLANG_WARN_INFINITE_RECURSION = YES;
				CLANG_WARN_INT_CONVERSION = YES;
				CLANG_WARN_OBJC_ROOT_CLASS = YES_ERROR;
				CLANG_WARN_SUSPICIOUS_MOVE = YES;
				CLANG_WARN_UNREACHABLE_CODE = YES;
				CLANG_WARN__DUPLICATE_METHOD_MATCH = YES;
				"CODE_SIGN_IDENTITY[sdk=iphoneos*]" = "iPhone Developer";
				COPY_PHASE_STRIP = NO;
				DEBUG_INFORMATION_FORMAT = dwarf;
				ENABLE_STRICT_OBJC_MSGSEND = YES;
				ENABLE_TESTABILITY = YES;
				GCC_C_LANGUAGE_STANDARD = gnu99;
				GCC_DYNAMIC_NO_PIC = NO;
				GCC_NO_COMMON_BLOCKS = YES;
				GCC_OPTIMIZATION_LEVEL = 0;
				GCC_PREPROCESSOR_DEFINITIONS = (
					"DEBUG=1",
					"$(inherited)",
				);
				GCC_WARN_64_TO_32_BIT_CONVERSION = YES;
				GCC_WARN_ABOUT_RETURN_TYPE = YES_ERROR;
				GCC_WARN_UNDECLARED_SELECTOR = YES;
				GCC_WARN_UNINITIALIZED_AUTOS = YES_AGGRESSIVE;
				GCC_WARN_UNUSED_FUNCTION = YES;
				GCC_WARN_UNUSED_VARIABLE = YES;
				IPHONEOS_DEPLOYMENT_TARGET = 10.2;
				MTL_ENABLE_DEBUG_INFO = YES;
				ONLY_ACTIVE_ARCH = YES;
				SDKROOT = iphoneos;
				SWIFT_ACTIVE_COMPILATION_CONDITIONS = DEBUG;
				SWIFT_OPTIMIZATION_LEVEL = "-Onone";
				TARGETED_DEVICE_FAMILY = "1,2";
			};
			name = Debug;
		};
		25CCF6CD1E6440EF00C8424A /* Release */ = {
			isa = XCBuildConfiguration;
			buildSettings = {
				ALWAYS_SEARCH_USER_PATHS = NO;
				CLANG_ANALYZER_NONNULL = YES;
				CLANG_CXX_LANGUAGE_STANDARD = "gnu++0x";
				CLANG_CXX_LIBRARY = "libc++";
				CLANG_ENABLE_MODULES = YES;
				CLANG_ENABLE_OBJC_ARC = YES;
				CLANG_WARN_BOOL_CONVERSION = YES;
				CLANG_WARN_CONSTANT_CONVERSION = YES;
				CLANG_WARN_DIRECT_OBJC_ISA_USAGE = YES_ERROR;
				CLANG_WARN_DOCUMENTATION_COMMENTS = YES;
				CLANG_WARN_EMPTY_BODY = YES;
				CLANG_WARN_ENUM_CONVERSION = YES;
				CLANG_WARN_INFINITE_RECURSION = YES;
				CLANG_WARN_INT_CONVERSION = YES;
				CLANG_WARN_OBJC_ROOT_CLASS = YES_ERROR;
				CLANG_WARN_SUSPICIOUS_MOVE = YES;
				CLANG_WARN_UNREACHABLE_CODE = YES;
				CLANG_WARN__DUPLICATE_METHOD_MATCH = YES;
				"CODE_SIGN_IDENTITY[sdk=iphoneos*]" = "iPhone Developer";
				COPY_PHASE_STRIP = NO;
				DEBUG_INFORMATION_FORMAT = "dwarf-with-dsym";
				ENABLE_NS_ASSERTIONS = NO;
				ENABLE_STRICT_OBJC_MSGSEND = YES;
				GCC_C_LANGUAGE_STANDARD = gnu99;
				GCC_NO_COMMON_BLOCKS = YES;
				GCC_WARN_64_TO_32_BIT_CONVERSION = YES;
				GCC_WARN_ABOUT_RETURN_TYPE = YES_ERROR;
				GCC_WARN_UNDECLARED_SELECTOR = YES;
				GCC_WARN_UNINITIALIZED_AUTOS = YES_AGGRESSIVE;
				GCC_WARN_UNUSED_FUNCTION = YES;
				GCC_WARN_UNUSED_VARIABLE = YES;
				IPHONEOS_DEPLOYMENT_TARGET = 10.2;
				MTL_ENABLE_DEBUG_INFO = NO;
				SDKROOT = iphoneos;
				SWIFT_OPTIMIZATION_LEVEL = "-Owholemodule";
				TARGETED_DEVICE_FAMILY = "1,2";
				VALIDATE_PRODUCT = YES;
			};
			name = Release;
		};
		25CCF6CF1E6440EF00C8424A /* Debug */ = {
			isa = XCBuildConfiguration;
			buildSettings = {
				ASSETCATALOG_COMPILER_APPICON_NAME = AppIcon;
				CLANG_ENABLE_MODULES = YES;
				"CODE_SIGN_IDENTITY[sdk=iphoneos*]" = "iPhone Developer: 琦 宋 (TRWTBPAGG3)";
				DEVELOPMENT_TEAM = "";
				INFOPLIST_FILE = SmartisanRecorder/Info.plist;
				IPHONEOS_DEPLOYMENT_TARGET = 8.0;
				LD_RUNPATH_SEARCH_PATHS = "$(inherited) @executable_path/Frameworks";
				PRODUCT_BUNDLE_IDENTIFIER = com.sunshushu.SmartisanRecorder;
				PRODUCT_NAME = "$(TARGET_NAME)";
				PROVISIONING_PROFILE_SPECIFIER = "共享及行业专用描述文件";
				SWIFT_OPTIMIZATION_LEVEL = "-Onone";
				SWIFT_VERSION = 3.0;
				TARGETED_DEVICE_FAMILY = 1;
			};
			name = Debug;
		};
		25CCF6D01E6440EF00C8424A /* Release */ = {
			isa = XCBuildConfiguration;
			buildSettings = {
				ASSETCATALOG_COMPILER_APPICON_NAME = AppIcon;
				CLANG_ENABLE_MODULES = YES;
				DEVELOPMENT_TEAM = "";
				INFOPLIST_FILE = SmartisanRecorder/Info.plist;
				IPHONEOS_DEPLOYMENT_TARGET = 8.0;
				LD_RUNPATH_SEARCH_PATHS = "$(inherited) @executable_path/Frameworks";
				PRODUCT_BUNDLE_IDENTIFIER = com.sunshushu.SmartisanRecorder;
				PRODUCT_NAME = "$(TARGET_NAME)";
				SWIFT_VERSION = 3.0;
				TARGETED_DEVICE_FAMILY = 1;
			};
			name = Release;
		};
/* End XCBuildConfiguration section */

/* Begin XCConfigurationList section */
		25CCF6B71E6440EF00C8424A /* Build configuration list for PBXProject "SmartisanRecorder" */ = {
			isa = XCConfigurationList;
			buildConfigurations = (
				25CCF6CC1E6440EF00C8424A /* Debug */,
				25CCF6CD1E6440EF00C8424A /* Release */,
			);
			defaultConfigurationIsVisible = 0;
			defaultConfigurationName = Release;
		};
		25CCF6CE1E6440EF00C8424A /* Build configuration list for PBXNativeTarget "SmartisanRecorder" */ = {
			isa = XCConfigurationList;
			buildConfigurations = (
				25CCF6CF1E6440EF00C8424A /* Debug */,
				25CCF6D01E6440EF00C8424A /* Release */,
			);
			defaultConfigurationIsVisible = 0;
			defaultConfigurationName = Release;
		};
/* End XCConfigurationList section */
	};
	rootObject = 25CCF6B41E6440EF00C8424A /* Project object */;
}
